// !$*UTF8*$!
{
	archiveVersion = 1;
	classes = {
	};
	objectVersion = 42;
	objects = {

/* Begin PBXFileReference section */
		ED563EAB0E7B0B9900FB6FA3 /* simulate.c */ = {isa = PBXFileReference; fileEncoding = 4; lastKnownFileType = sourcecode.c.c; path = simulate.c; sourceTree = "<group>"; };
		ED563EAC0E7B0B9900FB6FA3 /* seq.h */ = {isa = PBXFileReference; fileEncoding = 4; lastKnownFileType = sourcecode.c.h; path = seq.h; sourceTree = "<group>"; };
		ED563EAD0E7B0B9900FB6FA3 /* seq.c */ = {isa = PBXFileReference; fileEncoding = 4; lastKnownFileType = sourcecode.c.c; path = seq.c; sourceTree = "<group>"; };
		ED563EAE0E7B0BAA00FB6FA3 /* Makefile */ = {isa = PBXFileReference; fileEncoding = 4; lastKnownFileType = sourcecode.make; path = Makefile; sourceTree = "<group>"; };
		ED563EE80E7B0D4B00FB6FA3 /* const.c */ = {isa = PBXFileReference; fileEncoding = 4; lastKnownFileType = sourcecode.c.c; path = const.c; sourceTree = "<group>"; };
/* End PBXFileReference section */

/* Begin PBXGroup section */
		ED9D07080E7B0B5900E2270B = {
			isa = PBXGroup;
			children = (
				ED563EAB0E7B0B9900FB6FA3 /* simulate.c */,
				ED563EE80E7B0D4B00FB6FA3 /* const.c */,
				ED563EAC0E7B0B9900FB6FA3 /* seq.h */,
				ED563EAD0E7B0B9900FB6FA3 /* seq.c */,
				ED563EAE0E7B0BAA00FB6FA3 /* Makefile */,
			);
			sourceTree = "<group>";
		};
/* End PBXGroup section */

/* Begin PBXLegacyTarget section */
		ED563EAF0E7B0BC000FB6FA3 /* simreads */ = {
			isa = PBXLegacyTarget;
			buildArgumentsString = "$(ACTION) simreads";
			buildConfigurationList = ED563EB60E7B0BD300FB6FA3 /* Build configuration list for PBXLegacyTarget "simreads" */;
			buildPhases = (
			);
			buildToolPath = /usr/bin/make;
			dependencies = (
			);
			name = simreads;
			passBuildSettingsInEnvironment = 1;
			productName = simreads;
		};
/* End PBXLegacyTarget section */

/* Begin PBXProject section */
		ED9D070A0E7B0B5900E2270B /* Project object */ = {
			isa = PBXProject;
			buildConfigurationList = ED9D070D0E7B0B5900E2270B /* Build configuration list for PBXProject "simreads" */;
			compatibilityVersion = "Xcode 2.4";
			hasScannedForEncodings = 0;
			mainGroup = ED9D07080E7B0B5900E2270B;
			projectDirPath = "";
			projectRoot = "";
			targets = (
				ED563EAF0E7B0BC000FB6FA3 /* simreads */,
			);
		};
/* End PBXProject section */

/* Begin XCBuildConfiguration section */
		ED563EB00E7B0BC000FB6FA3 /* Debug */ = {
			isa = XCBuildConfiguration;
			buildSettings = {
				COPY_PHASE_STRIP = NO;
				GCC_DYNAMIC_NO_PIC = NO;
				GCC_OPTIMIZATION_LEVEL = 0;
				PRODUCT_NAME = simreads;
			};
			name = Debug;
		};
		ED563EB10E7B0BC000FB6FA3 /* Release */ = {
			isa = XCBuildConfiguration;
			buildSettings = {
				COPY_PHASE_STRIP = YES;
				DEBUG_INFORMATION_FORMAT = "dwarf-with-dsym";
				GCC_ENABLE_FIX_AND_CONTINUE = NO;
				PRODUCT_NAME = simreads;
				ZERO_LINK = NO;
			};
			name = Release;
		};
		ED9D070B0E7B0B5900E2270B /* Debug */ = {
			isa = XCBuildConfiguration;
			buildSettings = {
				COPY_PHASE_STRIP = NO;
			};
			name = Debug;
		};
		ED9D070C0E7B0B5900E2270B /* Release */ = {
			isa = XCBuildConfiguration;
			buildSettings = {
				COPY_PHASE_STRIP = YES;
			};
			name = Release;
		};
/* End XCBuildConfiguration section */

/* Begin XCConfigurationList section */
		ED563EB60E7B0BD300FB6FA3 /* Build configuration list for PBXLegacyTarget "simreads" */ = {
			isa = XCConfigurationList;
			buildConfigurations = (
				ED563EB00E7B0BC000FB6FA3 /* Debug */,
				ED563EB10E7B0BC000FB6FA3 /* Release */,
			);
			defaultConfigurationIsVisible = 0;
			defaultConfigurationName = Release;
		};
		ED9D070D0E7B0B5900E2270B /* Build configuration list for PBXProject "simreads" */ = {
			isa = XCConfigurationList;
			buildConfigurations = (
				ED9D070B0E7B0B5900E2270B /* Debug */,
				ED9D070C0E7B0B5900E2270B /* Release */,
			);
			defaultConfigurationIsVisible = 0;
			defaultConfigurationName = Release;
		};
/* End XCConfigurationList section */
	};
	rootObject = ED9D070A0E7B0B5900E2270B /* Project object */;
}
